
Microsoft Visual Studio Solution File, Format Version 12.00
# Visual Studio Version 16
VisualStudioVersion = 16.0.32602.291
MinimumVisualStudioVersion = 10.0.40219.1
Project("{FAE04EC0-301F-11D3-BF4B-00C04F79EFBC}") = "actiuon", "actiuon\actiuon.csproj", "{2B1DE48E-42D9-4B2A-93F8-21E60DBB80B6}"
EndProject
Global
	GlobalSection(SolutionConfigurationPlatforms) = preSolution
		Debug|Any CPU = Debug|Any CPU
		Release|Any CPU = Release|Any CPU
	EndGlobalSection
	GlobalSection(ProjectConfigurationPlatforms) = postSolution
		{2B1DE48E-42D9-4B2A-93F8-21E60DBB80B6}.Debug|Any CPU.ActiveCfg = Debug|Any CPU
		{2B1DE48E-42D9-4B2A-93F8-21E60DBB80B6}.Debug|Any CPU.Build.0 = Debug|Any CPU
		{2B1DE48E-42D9-4B2A-93F8-21E60DBB80B6}.Release|Any CPU.ActiveCfg = Release|Any CPU
		{2B1DE48E-42D9-4B2A-93F8-21E60DBB80B6}.Release|Any CPU.Build.0 = Release|Any CPU
	EndGlobalSection
	GlobalSection(SolutionProperties) = preSolution
		HideSolutionNode = FALSE
	EndGlobalSection
	GlobalSection(ExtensibilityGlobals) = postSolution
		SolutionGuid = {86604A68-89B6-4F70-8856-4B550AE6489B}
	EndGlobalSection
EndGlobal
